
Microsoft Visual Studio Solution File, Format Version 12.00
# Visual Studio Version 16
VisualStudioVersion = 16.0.33027.164
MinimumVisualStudioVersion = 10.0.40219.1
Project("{FAE04EC0-301F-11D3-BF4B-00C04F79EFBC}") = "dz3", "dz3\dz3.csproj", "{7D29AE9C-6F6A-4C13-BD59-DFB64F436A16}"
EndProject
Global
	GlobalSection(SolutionConfigurationPlatforms) = preSolution
		Debug|Any CPU = Debug|Any CPU
		Release|Any CPU = Release|Any CPU
	EndGlobalSection
	GlobalSection(ProjectConfigurationPlatforms) = postSolution
		{7D29AE9C-6F6A-4C13-BD59-DFB64F436A16}.Debug|Any CPU.ActiveCfg = Debug|Any CPU
		{7D29AE9C-6F6A-4C13-BD59-DFB64F436A16}.Debug|Any CPU.Build.0 = Debug|Any CPU
		{7D29AE9C-6F6A-4C13-BD59-DFB64F436A16}.Release|Any CPU.ActiveCfg = Release|Any CPU
		{7D29AE9C-6F6A-4C13-BD59-DFB64F436A16}.Release|Any CPU.Build.0 = Release|Any CPU
	EndGlobalSection
	GlobalSection(SolutionProperties) = preSolution
		HideSolutionNode = FALSE
	EndGlobalSection
	GlobalSection(ExtensibilityGlobals) = postSolution
		SolutionGuid = {5985704B-E487-4663-8452-4A1CBB3BE306}
	EndGlobalSection
EndGlobal
